
Microsoft Visual Studio Solution File, Format Version 12.00
# Visual Studio Version 16
VisualStudioVersion = 16.0.30114.105
MinimumVisualStudioVersion = 10.0.40219.1
Project("{FAE04EC0-301F-11D3-BF4B-00C04F79EFBC}") = "Counting Characters", "Counting Characters\Counting Characters.csproj", "{80251814-3FB5-46BB-B731-80A7B7163E97}"
EndProject
Global
	GlobalSection(SolutionConfigurationPlatforms) = preSolution
		Debug|Any CPU = Debug|Any CPU
		Release|Any CPU = Release|Any CPU
	EndGlobalSection
	GlobalSection(ProjectConfigurationPlatforms) = postSolution
		{80251814-3FB5-46BB-B731-80A7B7163E97}.Debug|Any CPU.ActiveCfg = Debug|Any CPU
		{80251814-3FB5-46BB-B731-80A7B7163E97}.Debug|Any CPU.Build.0 = Debug|Any CPU
		{80251814-3FB5-46BB-B731-80A7B7163E97}.Release|Any CPU.ActiveCfg = Release|Any CPU
		{80251814-3FB5-46BB-B731-80A7B7163E97}.Release|Any CPU.Build.0 = Release|Any CPU
	EndGlobalSection
	GlobalSection(SolutionProperties) = preSolution
		HideSolutionNode = FALSE
	EndGlobalSection
	GlobalSection(ExtensibilityGlobals) = postSolution
		SolutionGuid = {0C28CE97-32A4-4B6F-ACDC-0742DA978155}
	EndGlobalSection
EndGlobal
